
Microsoft Visual Studio Solution File, Format Version 12.00
# Visual Studio Version 17
VisualStudioVersion = 17.9.34622.214
MinimumVisualStudioVersion = 10.0.40219.1
Project("{2150E333-8FDC-42A3-9474-1A3956D46DE8}") = "Unit tests", "Unit tests", "{6EEAB5F0-597E-43CF-9A7C-1842292E9C2E}"
EndProject
Project("{2150E333-8FDC-42A3-9474-1A3956D46DE8}") = "source", "source", "{9C803CA4-398F-4747-98AE-8B12D40A5A35}"
EndProject
Project("{9A19103F-16F7-4668-BE54-9A1E7A4F7556}") = "Peaky", "Peaky\Peaky.csproj", "{16720C36-CC74-4884-B13F-E19D9DE7D96A}"
EndProject
Project("{9A19103F-16F7-4668-BE54-9A1E7A4F7556}") = "Peaky.Tests", "Peaky.Tests\Peaky.Tests.csproj", "{23B1A4D6-6FB3-4FDB-BC35-A4F5A3B87063}"
EndProject
Project("{2150E333-8FDC-42A3-9474-1A3956D46DE8}") = "Sample", "Sample", "{CE4A4BEF-36B0-4AEE-A618-59D4E886458E}"
EndProject
Project("{9A19103F-16F7-4668-BE54-9A1E7A4F7556}") = "Peaky.SampleWebApplication", "Sample\Peaky.SampleWebApplication\Peaky.SampleWebApplication.csproj", "{FAEFA359-2A5C-48A0-9FFB-F9FDF4242DE8}"
EndProject
Global
	GlobalSection(SolutionConfigurationPlatforms) = preSolution
		Debug|Any CPU = Debug|Any CPU
		Development|Any CPU = Development|Any CPU
		Release|Any CPU = Release|Any CPU
	EndGlobalSection
	GlobalSection(ProjectConfigurationPlatforms) = postSolution
		{16720C36-CC74-4884-B13F-E19D9DE7D96A}.Debug|Any CPU.ActiveCfg = Debug|Any CPU
		{16720C36-CC74-4884-B13F-E19D9DE7D96A}.Debug|Any CPU.Build.0 = Debug|Any CPU
		{16720C36-CC74-4884-B13F-E19D9DE7D96A}.Development|Any CPU.ActiveCfg = Debug|Any CPU
		{16720C36-CC74-4884-B13F-E19D9DE7D96A}.Development|Any CPU.Build.0 = Debug|Any CPU
		{16720C36-CC74-4884-B13F-E19D9DE7D96A}.Release|Any CPU.ActiveCfg = Release|Any CPU
		{16720C36-CC74-4884-B13F-E19D9DE7D96A}.Release|Any CPU.Build.0 = Release|Any CPU
		{23B1A4D6-6FB3-4FDB-BC35-A4F5A3B87063}.Debug|Any CPU.ActiveCfg = Debug|Any CPU
		{23B1A4D6-6FB3-4FDB-BC35-A4F5A3B87063}.Debug|Any CPU.Build.0 = Debug|Any CPU
		{23B1A4D6-6FB3-4FDB-BC35-A4F5A3B87063}.Development|Any CPU.ActiveCfg = Debug|Any CPU
		{23B1A4D6-6FB3-4FDB-BC35-A4F5A3B87063}.Development|Any CPU.Build.0 = Debug|Any CPU
		{23B1A4D6-6FB3-4FDB-BC35-A4F5A3B87063}.Release|Any CPU.ActiveCfg = Release|Any CPU
		{23B1A4D6-6FB3-4FDB-BC35-A4F5A3B87063}.Release|Any CPU.Build.0 = Release|Any CPU
		{FAEFA359-2A5C-48A0-9FFB-F9FDF4242DE8}.Debug|Any CPU.ActiveCfg = Debug|Any CPU
		{FAEFA359-2A5C-48A0-9FFB-F9FDF4242DE8}.Debug|Any CPU.Build.0 = Debug|Any CPU
		{FAEFA359-2A5C-48A0-9FFB-F9FDF4242DE8}.Development|Any CPU.ActiveCfg = Debug|Any CPU
		{FAEFA359-2A5C-48A0-9FFB-F9FDF4242DE8}.Development|Any CPU.Build.0 = Debug|Any CPU
		{FAEFA359-2A5C-48A0-9FFB-F9FDF4242DE8}.Release|Any CPU.ActiveCfg = Release|Any CPU
		{FAEFA359-2A5C-48A0-9FFB-F9FDF4242DE8}.Release|Any CPU.Build.0 = Release|Any CPU
	EndGlobalSection
	GlobalSection(SolutionProperties) = preSolution
		HideSolutionNode = FALSE
	EndGlobalSection
	GlobalSection(NestedProjects) = preSolution
		{16720C36-CC74-4884-B13F-E19D9DE7D96A} = {9C803CA4-398F-4747-98AE-8B12D40A5A35}
		{23B1A4D6-6FB3-4FDB-BC35-A4F5A3B87063} = {6EEAB5F0-597E-43CF-9A7C-1842292E9C2E}
		{FAEFA359-2A5C-48A0-9FFB-F9FDF4242DE8} = {CE4A4BEF-36B0-4AEE-A618-59D4E886458E}
	EndGlobalSection
	GlobalSection(ExtensibilityGlobals) = postSolution
		SolutionGuid = {CD6549AC-34F7-4BE4-B086-25D854FA4240}
	EndGlobalSection
EndGlobal
